
Microsoft Visual Studio Solution File, Format Version 12.00
# Visual Studio Version 17
VisualStudioVersion = 17.6.33723.286
MinimumVisualStudioVersion = 10.0.40219.1
Project("{FAE04EC0-301F-11D3-BF4B-00C04F79EFBC}") = "HotelSearch", "HotelSearch\HotelSearch.csproj", "{1E31763A-5171-41AB-8218-1BA043D64F4D}"
EndProject
Global
	GlobalSection(SolutionConfigurationPlatforms) = preSolution
		Debug|Any CPU = Debug|Any CPU
		Release|Any CPU = Release|Any CPU
	EndGlobalSection
	GlobalSection(ProjectConfigurationPlatforms) = postSolution
		{1E31763A-5171-41AB-8218-1BA043D64F4D}.Debug|Any CPU.ActiveCfg = Debug|Any CPU
		{1E31763A-5171-41AB-8218-1BA043D64F4D}.Debug|Any CPU.Build.0 = Debug|Any CPU
		{1E31763A-5171-41AB-8218-1BA043D64F4D}.Release|Any CPU.ActiveCfg = Release|Any CPU
		{1E31763A-5171-41AB-8218-1BA043D64F4D}.Release|Any CPU.Build.0 = Release|Any CPU
	EndGlobalSection
	GlobalSection(SolutionProperties) = preSolution
		HideSolutionNode = FALSE
	EndGlobalSection
	GlobalSection(ExtensibilityGlobals) = postSolution
		SolutionGuid = {A97B312D-90BB-4EC3-9B2D-F4E966F8E05F}
	EndGlobalSection
EndGlobal
